<?xml version="1.0" encoding="utf-8"?>
<Project ToolsVersion="4.0" xmlns="http://schemas.microsoft.com/developer/msbuild/2003">
  <ItemGroup>
    <Filter Include="Network">
      <UniqueIdentifier>{95f04a9f-fb4c-47ca-9b1f-1cfee7f9173f}</UniqueIdentifier>
    </Filter>
    <Filter Include="Utils">
      <UniqueIdentifier>{e2a43432-e93a-44aa-ba42-6cf681b5d7b2}</UniqueIdentifier>
    </Filter>
    <Filter Include="XML">
      <UniqueIdentifier>{52bc9cbe-ccec-4d47-9dcc-c292a3c425c7}</UniqueIdentifier>
    </Filter>
  </ItemGroup>
  <ItemGroup>
    <ClInclude Include="pch.h">
      <Filter>Utils</Filter>
    </ClInclude>
    <ClInclude Include="CorePch.h">
      <Filter>Utils</Filter>
    </ClInclude>
    <ClInclude Include="Types.h">
      <Filter>Utils</Filter>
    </ClInclude>
    <ClInclude Include="Util.h">
      <Filter>Utils</Filter>
    </ClInclude>
    <ClInclude Include="RandomMt.h">
      <Filter>Utils</Filter>
    </ClInclude>
    <ClInclude Include="Singleton.h">
      <Filter>Utils</Filter>
    </ClInclude>
    <ClInclude Include="Clock.h">
      <Filter>Utils</Filter>
    </ClInclude>
    <ClInclude Include="Config.h">
      <Filter>Utils</Filter>
    </ClInclude>
    <ClInclude Include="Lock.h">
      <Filter>Utils</Filter>
    </ClInclude>
    <ClInclude Include="Thread.h">
      <Filter>Utils</Filter>
    </ClInclude>
    <ClInclude Include="Logger.h">
      <Filter>Utils</Filter>
    </ClInclude>
    <ClInclude Include="Assert.h">
      <Filter>Utils</Filter>
    </ClInclude>
    <ClInclude Include="Shutdown.h" />
    <ClInclude Include="FileUtils.h">
      <Filter>Utils</Filter>
    </ClInclude>
    <ClInclude Include="tinystr.h">
      <Filter>XML</Filter>
    </ClInclude>
    <ClInclude Include="tinyxml.h">
      <Filter>XML</Filter>
    </ClInclude>
    <ClInclude Include="LowFragmentationHeap.h">
      <Filter>Utils</Filter>
    </ClInclude>
    <ClInclude Include="GameObject.h">
      <Filter>Utils</Filter>
    </ClInclude>
    <ClInclude Include="ThreadJobQueue.h">
      <Filter>Utils</Filter>
    </ClInclude>
    <ClInclude Include="Minidump.h">
      <Filter>Utils</Filter>
    </ClInclude>
    <ClInclude Include="Task.h">
      <Filter>Utils</Filter>
    </ClInclude>
    <ClInclude Include="Monitoring.h">
      <Filter>Utils</Filter>
    </ClInclude>
    <ClInclude Include="Server.h">
      <Filter>Network</Filter>
    </ClInclude>
    <ClInclude Include="IOCPServer.h">
      <Filter>Network</Filter>
    </ClInclude>
    <ClInclude Include="Session.h">
      <Filter>Network</Filter>
    </ClInclude>
    <ClInclude Include="IOCPSession.h">
      <Filter>Network</Filter>
    </ClInclude>
    <ClInclude Include="SessionManager.h">
      <Filter>Network</Filter>
    </ClInclude>
    <ClInclude Include="SessionMonitor.h">
      <Filter>Network</Filter>
    </ClInclude>
    <ClInclude Include="TerminalSession.h">
      <Filter>Network</Filter>
    </ClInclude>
    <ClInclude Include="Terminal.h">
      <Filter>Network</Filter>
    </ClInclude>
    <ClInclude Include="TerminalManager.h" />
  </ItemGroup>
  <ItemGroup>
    <ClCompile Include="pch.cpp">
      <Filter>Utils</Filter>
    </ClCompile>
    <ClCompile Include="CorePch.cpp">
      <Filter>Utils</Filter>
    </ClCompile>
    <ClCompile Include="Clock.cpp">
      <Filter>Utils</Filter>
    </ClCompile>
    <ClCompile Include="Config.cpp">
      <Filter>Utils</Filter>
    </ClCompile>
    <ClCompile Include="Lock.cpp">
      <Filter>Utils</Filter>
    </ClCompile>
    <ClCompile Include="Thread.cpp">
      <Filter>Utils</Filter>
    </ClCompile>
    <ClCompile Include="Logger.cpp">
      <Filter>Utils</Filter>
    </ClCompile>
    <ClCompile Include="Assert.cpp">
      <Filter>Utils</Filter>
    </ClCompile>
    <ClCompile Include="FileUtils.cpp">
      <Filter>Utils</Filter>
    </ClCompile>
    <ClCompile Include="tinystr.cpp">
      <Filter>XML</Filter>
    </ClCompile>
    <ClCompile Include="tinyxml.cpp">
      <Filter>XML</Filter>
    </ClCompile>
    <ClCompile Include="tinyxmlerror.cpp">
      <Filter>XML</Filter>
    </ClCompile>
    <ClCompile Include="tinyxmlparser.cpp">
      <Filter>XML</Filter>
    </ClCompile>
    <ClCompile Include="Minidump.cpp">
      <Filter>Utils</Filter>
    </ClCompile>
    <ClCompile Include="Task.cpp">
      <Filter>Utils</Filter>
    </ClCompile>
    <ClCompile Include="Shutdown.cpp">
      <Filter>Utils</Filter>
    </ClCompile>
    <ClCompile Include="Server.cpp">
      <Filter>Network</Filter>
    </ClCompile>
    <ClCompile Include="IOCPServer.cpp">
      <Filter>Network</Filter>
    </ClCompile>
    <ClCompile Include="Session.cpp">
      <Filter>Network</Filter>
    </ClCompile>
    <ClCompile Include="IOCPSession.cpp">
      <Filter>Network</Filter>
    </ClCompile>
    <ClCompile Include="SessionManager.cpp">
      <Filter>Network</Filter>
    </ClCompile>
    <ClCompile Include="SessionMonitor.cpp">
      <Filter>Network</Filter>
    </ClCompile>
    <ClCompile Include="TerminalSession.cpp">
      <Filter>Network</Filter>
    </ClCompile>
    <ClCompile Include="Terminal.cpp">
      <Filter>Network</Filter>
    </ClCompile>
    <ClCompile Include="TerminalManager.cpp" />
  </ItemGroup>
</Project>