<?xml version="1.0" encoding="utf-8"?>
<Project ToolsVersion="4.0" xmlns="http://schemas.microsoft.com/developer/msbuild/2003">
  <ItemGroup>
    <Filter Include="Network">
      <UniqueIdentifier>{95f04a9f-fb4c-47ca-9b1f-1cfee7f9173f}</UniqueIdentifier>
    </Filter>
    <Filter Include="Utils">
      <UniqueIdentifier>{e2a43432-e93a-44aa-ba42-6cf681b5d7b2}</UniqueIdentifier>
    </Filter>
    <Filter Include="TinyXml">
      <UniqueIdentifier>{8a66992e-d47f-4eda-92a0-8c124973d72a}</UniqueIdentifier>
    </Filter>
  </ItemGroup>
  <ItemGroup>
    <ClInclude Include="pch.h">
      <Filter>Utils</Filter>
    </ClInclude>
    <ClInclude Include="CorePch.h">
      <Filter>Utils</Filter>
    </ClInclude>
    <ClInclude Include="Types.h">
      <Filter>Utils</Filter>
    </ClInclude>
    <ClInclude Include="..\tinyxml_2_6_2\tinyxml\tinyxml.h">
      <Filter>TinyXml</Filter>
    </ClInclude>
    <ClInclude Include="Util.h">
      <Filter>Utils</Filter>
    </ClInclude>
    <ClInclude Include="RandomMt.h">
      <Filter>Utils</Filter>
    </ClInclude>
    <ClInclude Include="Singleton.h">
      <Filter>Utils</Filter>
    </ClInclude>
    <ClInclude Include="Clock.h">
      <Filter>Utils</Filter>
    </ClInclude>
    <ClInclude Include="Config.h">
      <Filter>Utils</Filter>
    </ClInclude>
    <ClInclude Include="Lock.h" />
    <ClInclude Include="Thread.h" />
  </ItemGroup>
  <ItemGroup>
    <ClCompile Include="pch.cpp">
      <Filter>Utils</Filter>
    </ClCompile>
    <ClCompile Include="CorePch.cpp">
      <Filter>Utils</Filter>
    </ClCompile>
    <ClCompile Include="..\tinyxml_2_6_2\tinyxml\tinyxml.cpp">
      <Filter>TinyXml</Filter>
    </ClCompile>
    <ClCompile Include="Clock.cpp">
      <Filter>Utils</Filter>
    </ClCompile>
    <ClCompile Include="Config.cpp">
      <Filter>Utils</Filter>
    </ClCompile>
    <ClCompile Include="Lock.cpp" />
    <ClCompile Include="Thread.cpp" />
  </ItemGroup>
</Project>